
Microsoft Visual Studio Solution File, Format Version 12.00
# Visual Studio 2012
Project("{FAE04EC0-301F-11D3-BF4B-00C04F79EFBC}") = "Web", "Web\Web.csproj", "{C74EBDDA-DC36-4018-9C98-5AED6FC5F569}"
EndProject
Project("{FAE04EC0-301F-11D3-BF4B-00C04F79EFBC}") = "Tests", "Tests\Tests.csproj", "{A32B2218-975D-4ED8-8CC2-5A3725B22F6E}"
EndProject
Project("{FAE04EC0-301F-11D3-BF4B-00C04F79EFBC}") = "Server", "Server\Server.csproj", "{15B3E0D2-6217-493A-A690-158C497F5318}"
EndProject
Project("{FAE04EC0-301F-11D3-BF4B-00C04F79EFBC}") = "Shared", "Shared\Shared.csproj", "{5F562346-2519-499F-B6FA-A7FB50E2955B}"
EndProject
Project("{FAE04EC0-301F-11D3-BF4B-00C04F79EFBC}") = "Services", "Services\Services.csproj", "{AEEEB470-7D23-4539-91FD-34137C4A6FB7}"
EndProject
Global
	GlobalSection(SolutionConfigurationPlatforms) = preSolution
		Debug|Any CPU = Debug|Any CPU
		Release|Any CPU = Release|Any CPU
	EndGlobalSection
	GlobalSection(ProjectConfigurationPlatforms) = postSolution
		{C74EBDDA-DC36-4018-9C98-5AED6FC5F569}.Debug|Any CPU.ActiveCfg = Debug|Any CPU
		{C74EBDDA-DC36-4018-9C98-5AED6FC5F569}.Debug|Any CPU.Build.0 = Debug|Any CPU
		{C74EBDDA-DC36-4018-9C98-5AED6FC5F569}.Release|Any CPU.ActiveCfg = Release|Any CPU
		{C74EBDDA-DC36-4018-9C98-5AED6FC5F569}.Release|Any CPU.Build.0 = Release|Any CPU
		{A32B2218-975D-4ED8-8CC2-5A3725B22F6E}.Debug|Any CPU.ActiveCfg = Debug|Any CPU
		{A32B2218-975D-4ED8-8CC2-5A3725B22F6E}.Debug|Any CPU.Build.0 = Debug|Any CPU
		{A32B2218-975D-4ED8-8CC2-5A3725B22F6E}.Release|Any CPU.ActiveCfg = Release|Any CPU
		{A32B2218-975D-4ED8-8CC2-5A3725B22F6E}.Release|Any CPU.Build.0 = Release|Any CPU
		{15B3E0D2-6217-493A-A690-158C497F5318}.Debug|Any CPU.ActiveCfg = Debug|Any CPU
		{15B3E0D2-6217-493A-A690-158C497F5318}.Debug|Any CPU.Build.0 = Debug|Any CPU
		{15B3E0D2-6217-493A-A690-158C497F5318}.Release|Any CPU.ActiveCfg = Release|Any CPU
		{15B3E0D2-6217-493A-A690-158C497F5318}.Release|Any CPU.Build.0 = Release|Any CPU
		{5F562346-2519-499F-B6FA-A7FB50E2955B}.Debug|Any CPU.ActiveCfg = Debug|Any CPU
		{5F562346-2519-499F-B6FA-A7FB50E2955B}.Debug|Any CPU.Build.0 = Debug|Any CPU
		{5F562346-2519-499F-B6FA-A7FB50E2955B}.Release|Any CPU.ActiveCfg = Release|Any CPU
		{5F562346-2519-499F-B6FA-A7FB50E2955B}.Release|Any CPU.Build.0 = Release|Any CPU
		{AEEEB470-7D23-4539-91FD-34137C4A6FB7}.Debug|Any CPU.ActiveCfg = Debug|Any CPU
		{AEEEB470-7D23-4539-91FD-34137C4A6FB7}.Debug|Any CPU.Build.0 = Debug|Any CPU
		{AEEEB470-7D23-4539-91FD-34137C4A6FB7}.Release|Any CPU.ActiveCfg = Release|Any CPU
		{AEEEB470-7D23-4539-91FD-34137C4A6FB7}.Release|Any CPU.Build.0 = Release|Any CPU
	EndGlobalSection
	GlobalSection(SolutionProperties) = preSolution
		HideSolutionNode = FALSE
	EndGlobalSection
EndGlobal
